
Microsoft Visual Studio Solution File, Format Version 12.00
Project("{2150E333-8FDC-42A3-9474-1A3956D46DE8}") = "Frontend", "Frontend", "{25AEB133-F15D-4AE6-A206-A521C9D867F8}"
EndProject
Project("{2150E333-8FDC-42A3-9474-1A3956D46DE8}") = "Gateway", "Gateway", "{47E564B1-ABBB-43CA-962E-B8EC2F71775F}"
EndProject
Project("{2150E333-8FDC-42A3-9474-1A3956D46DE8}") = "Backend-Coupon", "Backend-Coupon", "{59DD6135-F5EC-4D18-A373-0F70D4C6BDD9}"
EndProject
Project("{FAE04EC0-301F-11D3-BF4B-00C04F79EFBC}") = "Sekmen.Commerce.Services.Coupons.Api", "Backend-Coupon\Sekmen.Commerce.Services.Coupons.Api\Sekmen.Commerce.Services.Coupons.Api.csproj", "{BA9C5077-3B26-456B-8BD7-34DD2FFFD861}"
EndProject
Project("{2150E333-8FDC-42A3-9474-1A3956D46DE8}") = "_Items", "_Items", "{AB016603-589D-473B-A896-11FC386749B0}"
	ProjectSection(SolutionItems) = preProject
		.gitignore = .gitignore
		README.md = README.md
	EndProjectSection
EndProject
Project("{FAE04EC0-301F-11D3-BF4B-00C04F79EFBC}") = "Sekmen.Commerce.Services.Coupons.Infrastructure", "Backend-Coupon\Sekmen.Commerce.Services.Coupons.Infrastructure\Sekmen.Commerce.Services.Coupons.Infrastructure.csproj", "{8A71435A-4100-4801-AD44-0ED0C4822ECF}"
EndProject
Project("{FAE04EC0-301F-11D3-BF4B-00C04F79EFBC}") = "Sekmen.Commerce.Services.Coupons.Domain", "Backend-Coupon\Sekmen.Commerce.Services.Coupons.Domain\Sekmen.Commerce.Services.Coupons.Domain.csproj", "{8E21FD74-4015-47B7-A3BE-29D3F7B89702}"
EndProject
Project("{FAE04EC0-301F-11D3-BF4B-00C04F79EFBC}") = "Sekmen.Commerce.Services.Coupons.Application", "Backend-Coupon\Sekmen.Commerce.Services.Coupons.Application\Sekmen.Commerce.Services.Coupons.Application.csproj", "{17A6165A-9E33-47BF-AD66-0FC0700E23F9}"
EndProject
Project("{FAE04EC0-301F-11D3-BF4B-00C04F79EFBC}") = "Sekmen.Commerce.Frontend.Web", "Frontend\Sekmen.Commerce.Frontend.Web\Sekmen.Commerce.Frontend.Web.csproj", "{24D2E0D4-CA11-4E41-BD1F-277CC4785BB6}"
EndProject
Project("{FAE04EC0-301F-11D3-BF4B-00C04F79EFBC}") = "Sekmen.Commerce.Frontend.Application", "Frontend\Sekmen.Commerce.Frontend.Application\Sekmen.Commerce.Frontend.Application.csproj", "{349614AD-ED2D-4DFE-8318-A528EC181CB4}"
EndProject
Project("{2150E333-8FDC-42A3-9474-1A3956D46DE8}") = "Backend-Auth", "Backend-Auth", "{7520100F-BBE6-4FF3-86DC-E8BD58C65C3C}"
EndProject
Project("{FAE04EC0-301F-11D3-BF4B-00C04F79EFBC}") = "Sekmen.Commerce.Services.Auth.Api", "Backend-Auth\Sekmen.Commerce.Services.Auth.Api\Sekmen.Commerce.Services.Auth.Api.csproj", "{4ECACF60-5F96-486D-9785-76DBB3D5CD0F}"
EndProject
Project("{FAE04EC0-301F-11D3-BF4B-00C04F79EFBC}") = "Sekmen.Commerce.Services.Auth.Infrastructure", "Backend-Auth\Sekmen.Commerce.Services.Auth.Infrastructure\Sekmen.Commerce.Services.Auth.Infrastructure.csproj", "{F7EAE197-5E6C-433C-ACCC-4C860A854F53}"
EndProject
Project("{FAE04EC0-301F-11D3-BF4B-00C04F79EFBC}") = "Sekmen.Commerce.Services.Auth.Application", "Backend-Auth\Sekmen.Commerce.Services.Auth.Application\Sekmen.Commerce.Services.Auth.Application.csproj", "{62FF8624-50E4-40D7-B3F8-9783E92D8790}"
EndProject
Project("{FAE04EC0-301F-11D3-BF4B-00C04F79EFBC}") = "Sekmen.Commerce.Services.Auth.Domain", "Backend-Auth\Sekmen.Commerce.Services.Auth.Domain\Sekmen.Commerce.Services.Auth.Domain.csproj", "{04C77508-4470-4CF7-A2F2-CA050867767B}"
EndProject
Project("{2150E333-8FDC-42A3-9474-1A3956D46DE8}") = "Backend-Product", "Backend-Product", "{9DCBE494-8885-4F30-9A28-36BDF15F2986}"
EndProject
Project("{FAE04EC0-301F-11D3-BF4B-00C04F79EFBC}") = "Sekmen.Commerce.Services.Products.Api", "Backend-Product\Sekmen.Commerce.Services.Products.Api\Sekmen.Commerce.Services.Products.Api.csproj", "{AEF9F45E-00B6-4C9D-8AC7-7513BCC786C7}"
EndProject
Project("{FAE04EC0-301F-11D3-BF4B-00C04F79EFBC}") = "Sekmen.Commerce.Services.Products.Application", "Backend-Product\Sekmen.Commerce.Services.Products.Application\Sekmen.Commerce.Services.Products.Application.csproj", "{4771BACE-CD94-4395-891D-7C596CF394FF}"
EndProject
Project("{FAE04EC0-301F-11D3-BF4B-00C04F79EFBC}") = "Sekmen.Commerce.Services.Products.Domain", "Backend-Product\Sekmen.Commerce.Services.Products.Domain\Sekmen.Commerce.Services.Products.Domain.csproj", "{E9BA7BA3-11E5-4EB6-8201-451FE10FFDB1}"
EndProject
Project("{FAE04EC0-301F-11D3-BF4B-00C04F79EFBC}") = "Sekmen.Commerce.Services.Products.Infrastructure", "Backend-Product\Sekmen.Commerce.Services.Products.Infrastructure\Sekmen.Commerce.Services.Products.Infrastructure.csproj", "{BDD844BC-23D5-4476-964E-6FEF41B573D3}"
EndProject
Project("{2150E333-8FDC-42A3-9474-1A3956D46DE8}") = "Backend-Cart", "Backend-Cart", "{62298EE3-E8C3-4CC9-AB20-84736C7406DA}"
EndProject
Project("{FAE04EC0-301F-11D3-BF4B-00C04F79EFBC}") = "Sekmen.Commerce.Services.Carts.Api", "Backend-Cart\Sekmen.Commerce.Services.Carts.Api\Sekmen.Commerce.Services.Carts.Api.csproj", "{53966CB5-1780-4E36-B9ED-2AB13D904E53}"
EndProject
Project("{FAE04EC0-301F-11D3-BF4B-00C04F79EFBC}") = "Sekmen.Commerce.Services.Carts.Application", "Backend-Cart\Sekmen.Commerce.Services.Carts.Application\Sekmen.Commerce.Services.Carts.Application.csproj", "{255EDD99-58A5-4341-BD6C-75C18028AC7F}"
EndProject
Project("{FAE04EC0-301F-11D3-BF4B-00C04F79EFBC}") = "Sekmen.Commerce.Services.Carts.Domain", "Backend-Cart\Sekmen.Commerce.Services.Carts.Domain\Sekmen.Commerce.Services.Carts.Domain.csproj", "{C31E3650-68D4-4A3B-B66D-93E533435168}"
EndProject
Project("{FAE04EC0-301F-11D3-BF4B-00C04F79EFBC}") = "Sekmen.Commerce.Services.Carts.Infrastructure", "Backend-Cart\Sekmen.Commerce.Services.Carts.Infrastructure\Sekmen.Commerce.Services.Carts.Infrastructure.csproj", "{A8C42ADE-9AA3-474C-90C9-89E99A3E6D64}"
EndProject
Project("{2150E333-8FDC-42A3-9474-1A3956D46DE8}") = "Backend-Email", "Backend-Email", "{91BF54EE-44C6-4CD4-86E6-78771ACFEB9E}"
EndProject
Project("{FAE04EC0-301F-11D3-BF4B-00C04F79EFBC}") = "Sekmen.Commerce.Services.Email.App", "Backend-Email\Sekmen.Commerce.Services.Email.App\Sekmen.Commerce.Services.Email.App.csproj", "{1BEC49CF-E908-427C-A2CF-5B504380D160}"
EndProject
Project("{FAE04EC0-301F-11D3-BF4B-00C04F79EFBC}") = "Sekmen.Commerce.Services.Auth.Shared", "Backend-Auth\Sekmen.Commerce.Services.Auth.Shared\Sekmen.Commerce.Services.Auth.Shared.csproj", "{3314F91D-DDC6-401D-AB85-922BA456A6C5}"
EndProject
Project("{FAE04EC0-301F-11D3-BF4B-00C04F79EFBC}") = "Sekmen.Commerce.Services.Email.Infrastructure", "Backend-Email\Sekmen.Commerce.Services.Email.Infrastructure\Sekmen.Commerce.Services.Email.Infrastructure.csproj", "{9F1808EF-A9BD-418E-AAD8-06F92DB720DE}"
EndProject
Project("{FAE04EC0-301F-11D3-BF4B-00C04F79EFBC}") = "Sekmen.Commerce.Gateway", "Gateway\Sekmen.Commerce.Gateway.csproj", "{65C446F2-E9B5-45A3-BDEC-5766D7A858F6}"
EndProject
Global
	GlobalSection(SolutionConfigurationPlatforms) = preSolution
		Debug|Any CPU = Debug|Any CPU
		Release|Any CPU = Release|Any CPU
	EndGlobalSection
	GlobalSection(ProjectConfigurationPlatforms) = postSolution
		{BA9C5077-3B26-456B-8BD7-34DD2FFFD861}.Debug|Any CPU.ActiveCfg = Debug|Any CPU
		{BA9C5077-3B26-456B-8BD7-34DD2FFFD861}.Debug|Any CPU.Build.0 = Debug|Any CPU
		{BA9C5077-3B26-456B-8BD7-34DD2FFFD861}.Release|Any CPU.ActiveCfg = Release|Any CPU
		{BA9C5077-3B26-456B-8BD7-34DD2FFFD861}.Release|Any CPU.Build.0 = Release|Any CPU
		{8A71435A-4100-4801-AD44-0ED0C4822ECF}.Debug|Any CPU.ActiveCfg = Debug|Any CPU
		{8A71435A-4100-4801-AD44-0ED0C4822ECF}.Debug|Any CPU.Build.0 = Debug|Any CPU
		{8A71435A-4100-4801-AD44-0ED0C4822ECF}.Release|Any CPU.ActiveCfg = Release|Any CPU
		{8A71435A-4100-4801-AD44-0ED0C4822ECF}.Release|Any CPU.Build.0 = Release|Any CPU
		{8E21FD74-4015-47B7-A3BE-29D3F7B89702}.Debug|Any CPU.ActiveCfg = Debug|Any CPU
		{8E21FD74-4015-47B7-A3BE-29D3F7B89702}.Debug|Any CPU.Build.0 = Debug|Any CPU
		{8E21FD74-4015-47B7-A3BE-29D3F7B89702}.Release|Any CPU.ActiveCfg = Release|Any CPU
		{8E21FD74-4015-47B7-A3BE-29D3F7B89702}.Release|Any CPU.Build.0 = Release|Any CPU
		{17A6165A-9E33-47BF-AD66-0FC0700E23F9}.Debug|Any CPU.ActiveCfg = Debug|Any CPU
		{17A6165A-9E33-47BF-AD66-0FC0700E23F9}.Debug|Any CPU.Build.0 = Debug|Any CPU
		{17A6165A-9E33-47BF-AD66-0FC0700E23F9}.Release|Any CPU.ActiveCfg = Release|Any CPU
		{17A6165A-9E33-47BF-AD66-0FC0700E23F9}.Release|Any CPU.Build.0 = Release|Any CPU
		{24D2E0D4-CA11-4E41-BD1F-277CC4785BB6}.Debug|Any CPU.ActiveCfg = Debug|Any CPU
		{24D2E0D4-CA11-4E41-BD1F-277CC4785BB6}.Debug|Any CPU.Build.0 = Debug|Any CPU
		{24D2E0D4-CA11-4E41-BD1F-277CC4785BB6}.Release|Any CPU.ActiveCfg = Release|Any CPU
		{24D2E0D4-CA11-4E41-BD1F-277CC4785BB6}.Release|Any CPU.Build.0 = Release|Any CPU
		{349614AD-ED2D-4DFE-8318-A528EC181CB4}.Debug|Any CPU.ActiveCfg = Debug|Any CPU
		{349614AD-ED2D-4DFE-8318-A528EC181CB4}.Debug|Any CPU.Build.0 = Debug|Any CPU
		{349614AD-ED2D-4DFE-8318-A528EC181CB4}.Release|Any CPU.ActiveCfg = Release|Any CPU
		{349614AD-ED2D-4DFE-8318-A528EC181CB4}.Release|Any CPU.Build.0 = Release|Any CPU
		{4ECACF60-5F96-486D-9785-76DBB3D5CD0F}.Debug|Any CPU.ActiveCfg = Debug|Any CPU
		{4ECACF60-5F96-486D-9785-76DBB3D5CD0F}.Debug|Any CPU.Build.0 = Debug|Any CPU
		{4ECACF60-5F96-486D-9785-76DBB3D5CD0F}.Release|Any CPU.ActiveCfg = Release|Any CPU
		{4ECACF60-5F96-486D-9785-76DBB3D5CD0F}.Release|Any CPU.Build.0 = Release|Any CPU
		{F7EAE197-5E6C-433C-ACCC-4C860A854F53}.Debug|Any CPU.ActiveCfg = Debug|Any CPU
		{F7EAE197-5E6C-433C-ACCC-4C860A854F53}.Debug|Any CPU.Build.0 = Debug|Any CPU
		{F7EAE197-5E6C-433C-ACCC-4C860A854F53}.Release|Any CPU.ActiveCfg = Release|Any CPU
		{F7EAE197-5E6C-433C-ACCC-4C860A854F53}.Release|Any CPU.Build.0 = Release|Any CPU
		{62FF8624-50E4-40D7-B3F8-9783E92D8790}.Debug|Any CPU.ActiveCfg = Debug|Any CPU
		{62FF8624-50E4-40D7-B3F8-9783E92D8790}.Debug|Any CPU.Build.0 = Debug|Any CPU
		{62FF8624-50E4-40D7-B3F8-9783E92D8790}.Release|Any CPU.ActiveCfg = Release|Any CPU
		{62FF8624-50E4-40D7-B3F8-9783E92D8790}.Release|Any CPU.Build.0 = Release|Any CPU
		{04C77508-4470-4CF7-A2F2-CA050867767B}.Debug|Any CPU.ActiveCfg = Debug|Any CPU
		{04C77508-4470-4CF7-A2F2-CA050867767B}.Debug|Any CPU.Build.0 = Debug|Any CPU
		{04C77508-4470-4CF7-A2F2-CA050867767B}.Release|Any CPU.ActiveCfg = Release|Any CPU
		{04C77508-4470-4CF7-A2F2-CA050867767B}.Release|Any CPU.Build.0 = Release|Any CPU
		{AEF9F45E-00B6-4C9D-8AC7-7513BCC786C7}.Debug|Any CPU.ActiveCfg = Debug|Any CPU
		{AEF9F45E-00B6-4C9D-8AC7-7513BCC786C7}.Debug|Any CPU.Build.0 = Debug|Any CPU
		{AEF9F45E-00B6-4C9D-8AC7-7513BCC786C7}.Release|Any CPU.ActiveCfg = Release|Any CPU
		{AEF9F45E-00B6-4C9D-8AC7-7513BCC786C7}.Release|Any CPU.Build.0 = Release|Any CPU
		{4771BACE-CD94-4395-891D-7C596CF394FF}.Debug|Any CPU.ActiveCfg = Debug|Any CPU
		{4771BACE-CD94-4395-891D-7C596CF394FF}.Debug|Any CPU.Build.0 = Debug|Any CPU
		{4771BACE-CD94-4395-891D-7C596CF394FF}.Release|Any CPU.ActiveCfg = Release|Any CPU
		{4771BACE-CD94-4395-891D-7C596CF394FF}.Release|Any CPU.Build.0 = Release|Any CPU
		{E9BA7BA3-11E5-4EB6-8201-451FE10FFDB1}.Debug|Any CPU.ActiveCfg = Debug|Any CPU
		{E9BA7BA3-11E5-4EB6-8201-451FE10FFDB1}.Debug|Any CPU.Build.0 = Debug|Any CPU
		{E9BA7BA3-11E5-4EB6-8201-451FE10FFDB1}.Release|Any CPU.ActiveCfg = Release|Any CPU
		{E9BA7BA3-11E5-4EB6-8201-451FE10FFDB1}.Release|Any CPU.Build.0 = Release|Any CPU
		{BDD844BC-23D5-4476-964E-6FEF41B573D3}.Debug|Any CPU.ActiveCfg = Debug|Any CPU
		{BDD844BC-23D5-4476-964E-6FEF41B573D3}.Debug|Any CPU.Build.0 = Debug|Any CPU
		{BDD844BC-23D5-4476-964E-6FEF41B573D3}.Release|Any CPU.ActiveCfg = Release|Any CPU
		{BDD844BC-23D5-4476-964E-6FEF41B573D3}.Release|Any CPU.Build.0 = Release|Any CPU
		{53966CB5-1780-4E36-B9ED-2AB13D904E53}.Debug|Any CPU.ActiveCfg = Debug|Any CPU
		{53966CB5-1780-4E36-B9ED-2AB13D904E53}.Debug|Any CPU.Build.0 = Debug|Any CPU
		{53966CB5-1780-4E36-B9ED-2AB13D904E53}.Release|Any CPU.ActiveCfg = Release|Any CPU
		{53966CB5-1780-4E36-B9ED-2AB13D904E53}.Release|Any CPU.Build.0 = Release|Any CPU
		{255EDD99-58A5-4341-BD6C-75C18028AC7F}.Debug|Any CPU.ActiveCfg = Debug|Any CPU
		{255EDD99-58A5-4341-BD6C-75C18028AC7F}.Debug|Any CPU.Build.0 = Debug|Any CPU
		{255EDD99-58A5-4341-BD6C-75C18028AC7F}.Release|Any CPU.ActiveCfg = Release|Any CPU
		{255EDD99-58A5-4341-BD6C-75C18028AC7F}.Release|Any CPU.Build.0 = Release|Any CPU
		{C31E3650-68D4-4A3B-B66D-93E533435168}.Debug|Any CPU.ActiveCfg = Debug|Any CPU
		{C31E3650-68D4-4A3B-B66D-93E533435168}.Debug|Any CPU.Build.0 = Debug|Any CPU
		{C31E3650-68D4-4A3B-B66D-93E533435168}.Release|Any CPU.ActiveCfg = Release|Any CPU
		{C31E3650-68D4-4A3B-B66D-93E533435168}.Release|Any CPU.Build.0 = Release|Any CPU
		{A8C42ADE-9AA3-474C-90C9-89E99A3E6D64}.Debug|Any CPU.ActiveCfg = Debug|Any CPU
		{A8C42ADE-9AA3-474C-90C9-89E99A3E6D64}.Debug|Any CPU.Build.0 = Debug|Any CPU
		{A8C42ADE-9AA3-474C-90C9-89E99A3E6D64}.Release|Any CPU.ActiveCfg = Release|Any CPU
		{A8C42ADE-9AA3-474C-90C9-89E99A3E6D64}.Release|Any CPU.Build.0 = Release|Any CPU
		{1BEC49CF-E908-427C-A2CF-5B504380D160}.Debug|Any CPU.ActiveCfg = Debug|Any CPU
		{1BEC49CF-E908-427C-A2CF-5B504380D160}.Debug|Any CPU.Build.0 = Debug|Any CPU
		{1BEC49CF-E908-427C-A2CF-5B504380D160}.Release|Any CPU.ActiveCfg = Release|Any CPU
		{1BEC49CF-E908-427C-A2CF-5B504380D160}.Release|Any CPU.Build.0 = Release|Any CPU
		{3314F91D-DDC6-401D-AB85-922BA456A6C5}.Debug|Any CPU.ActiveCfg = Debug|Any CPU
		{3314F91D-DDC6-401D-AB85-922BA456A6C5}.Debug|Any CPU.Build.0 = Debug|Any CPU
		{3314F91D-DDC6-401D-AB85-922BA456A6C5}.Release|Any CPU.ActiveCfg = Release|Any CPU
		{3314F91D-DDC6-401D-AB85-922BA456A6C5}.Release|Any CPU.Build.0 = Release|Any CPU
		{9F1808EF-A9BD-418E-AAD8-06F92DB720DE}.Debug|Any CPU.ActiveCfg = Debug|Any CPU
		{9F1808EF-A9BD-418E-AAD8-06F92DB720DE}.Debug|Any CPU.Build.0 = Debug|Any CPU
		{9F1808EF-A9BD-418E-AAD8-06F92DB720DE}.Release|Any CPU.ActiveCfg = Release|Any CPU
		{9F1808EF-A9BD-418E-AAD8-06F92DB720DE}.Release|Any CPU.Build.0 = Release|Any CPU
		{65C446F2-E9B5-45A3-BDEC-5766D7A858F6}.Debug|Any CPU.ActiveCfg = Debug|Any CPU
		{65C446F2-E9B5-45A3-BDEC-5766D7A858F6}.Debug|Any CPU.Build.0 = Debug|Any CPU
		{65C446F2-E9B5-45A3-BDEC-5766D7A858F6}.Release|Any CPU.ActiveCfg = Release|Any CPU
		{65C446F2-E9B5-45A3-BDEC-5766D7A858F6}.Release|Any CPU.Build.0 = Release|Any CPU
	EndGlobalSection
	GlobalSection(NestedProjects) = preSolution
		{BA9C5077-3B26-456B-8BD7-34DD2FFFD861} = {59DD6135-F5EC-4D18-A373-0F70D4C6BDD9}
		{8A71435A-4100-4801-AD44-0ED0C4822ECF} = {59DD6135-F5EC-4D18-A373-0F70D4C6BDD9}
		{8E21FD74-4015-47B7-A3BE-29D3F7B89702} = {59DD6135-F5EC-4D18-A373-0F70D4C6BDD9}
		{17A6165A-9E33-47BF-AD66-0FC0700E23F9} = {59DD6135-F5EC-4D18-A373-0F70D4C6BDD9}
		{24D2E0D4-CA11-4E41-BD1F-277CC4785BB6} = {25AEB133-F15D-4AE6-A206-A521C9D867F8}
		{349614AD-ED2D-4DFE-8318-A528EC181CB4} = {25AEB133-F15D-4AE6-A206-A521C9D867F8}
		{4ECACF60-5F96-486D-9785-76DBB3D5CD0F} = {7520100F-BBE6-4FF3-86DC-E8BD58C65C3C}
		{F7EAE197-5E6C-433C-ACCC-4C860A854F53} = {7520100F-BBE6-4FF3-86DC-E8BD58C65C3C}
		{62FF8624-50E4-40D7-B3F8-9783E92D8790} = {7520100F-BBE6-4FF3-86DC-E8BD58C65C3C}
		{04C77508-4470-4CF7-A2F2-CA050867767B} = {7520100F-BBE6-4FF3-86DC-E8BD58C65C3C}
		{AEF9F45E-00B6-4C9D-8AC7-7513BCC786C7} = {9DCBE494-8885-4F30-9A28-36BDF15F2986}
		{4771BACE-CD94-4395-891D-7C596CF394FF} = {9DCBE494-8885-4F30-9A28-36BDF15F2986}
		{E9BA7BA3-11E5-4EB6-8201-451FE10FFDB1} = {9DCBE494-8885-4F30-9A28-36BDF15F2986}
		{BDD844BC-23D5-4476-964E-6FEF41B573D3} = {9DCBE494-8885-4F30-9A28-36BDF15F2986}
		{53966CB5-1780-4E36-B9ED-2AB13D904E53} = {62298EE3-E8C3-4CC9-AB20-84736C7406DA}
		{255EDD99-58A5-4341-BD6C-75C18028AC7F} = {62298EE3-E8C3-4CC9-AB20-84736C7406DA}
		{C31E3650-68D4-4A3B-B66D-93E533435168} = {62298EE3-E8C3-4CC9-AB20-84736C7406DA}
		{A8C42ADE-9AA3-474C-90C9-89E99A3E6D64} = {62298EE3-E8C3-4CC9-AB20-84736C7406DA}
		{1BEC49CF-E908-427C-A2CF-5B504380D160} = {91BF54EE-44C6-4CD4-86E6-78771ACFEB9E}
		{3314F91D-DDC6-401D-AB85-922BA456A6C5} = {7520100F-BBE6-4FF3-86DC-E8BD58C65C3C}
		{9F1808EF-A9BD-418E-AAD8-06F92DB720DE} = {91BF54EE-44C6-4CD4-86E6-78771ACFEB9E}
		{65C446F2-E9B5-45A3-BDEC-5766D7A858F6} = {47E564B1-ABBB-43CA-962E-B8EC2F71775F}
	EndGlobalSection
EndGlobal
